// !$*UTF8*$!
{
	archiveVersion = 1;
	classes = {
	};
	objectVersion = 46;
	objects = {

/* Begin PBXBuildFile section */
		116A350C1C99737A00C110AB /* AppDelegate.swift in Sources */ = {isa = PBXBuildFile; fileRef = 116A350B1C99737A00C110AB /* AppDelegate.swift */; };
		116A35131C99737A00C110AB /* Main.storyboard in Resources */ = {isa = PBXBuildFile; fileRef = 116A35111C99737A00C110AB /* Main.storyboard */; };
		116A35151C99737A00C110AB /* Assets.xcassets in Resources */ = {isa = PBXBuildFile; fileRef = 116A35141C99737A00C110AB /* Assets.xcassets */; };
		116A35181C99737A00C110AB /* LaunchScreen.storyboard in Resources */ = {isa = PBXBuildFile; fileRef = 116A35161C99737A00C110AB /* LaunchScreen.storyboard */; };
		117942BD1C9BF0A1002779AB /* Tang_Cell.swift in Sources */ = {isa = PBXBuildFile; fileRef = 117942BC1C9BF0A1002779AB /* Tang_Cell.swift */; };
		117942BF1C9BF3CD002779AB /* Tang_ViewController.swift in Sources */ = {isa = PBXBuildFile; fileRef = 117942BE1C9BF3CD002779AB /* Tang_ViewController.swift */; };
		117942C11C9C35E3002779AB /* Song_ViewController.swift in Sources */ = {isa = PBXBuildFile; fileRef = 117942C01C9C35E3002779AB /* Song_ViewController.swift */; };
		117942C31C9C3645002779AB /* Song_Cell.swift in Sources */ = {isa = PBXBuildFile; fileRef = 117942C21C9C3645002779AB /* Song_Cell.swift */; };
		117942C51C9C49BD002779AB /* PoemDetails_ViewController.swift in Sources */ = {isa = PBXBuildFile; fileRef = 117942C41C9C49BD002779AB /* PoemDetails_ViewController.swift */; };
		117942C71C9E9417002779AB /* PoemList_ViewController.swift in Sources */ = {isa = PBXBuildFile; fileRef = 117942C61C9E9417002779AB /* PoemList_ViewController.swift */; };
		117942C91C9E94A9002779AB /* PoemList_Cell.swift in Sources */ = {isa = PBXBuildFile; fileRef = 117942C81C9E94A9002779AB /* PoemList_Cell.swift */; };
/* End PBXBuildFile section */

/* Begin PBXFileReference section */
		116A35081C99737A00C110AB /* AlphaCamp_homework_TangPoetry.app */ = {isa = PBXFileReference; explicitFileType = wrapper.application; includeInIndex = 0; path = AlphaCamp_homework_TangPoetry.app; sourceTree = BUILT_PRODUCTS_DIR; };
		116A350B1C99737A00C110AB /* AppDelegate.swift */ = {isa = PBXFileReference; lastKnownFileType = sourcecode.swift; path = AppDelegate.swift; sourceTree = "<group>"; };
		116A35121C99737A00C110AB /* Base */ = {isa = PBXFileReference; lastKnownFileType = file.storyboard; name = Base; path = Base.lproj/Main.storyboard; sourceTree = "<group>"; };
		116A35141C99737A00C110AB /* Assets.xcassets */ = {isa = PBXFileReference; lastKnownFileType = folder.assetcatalog; path = Assets.xcassets; sourceTree = "<group>"; };
		116A35171C99737A00C110AB /* Base */ = {isa = PBXFileReference; lastKnownFileType = file.storyboard; name = Base; path = Base.lproj/LaunchScreen.storyboard; sourceTree = "<group>"; };
		116A35191C99737A00C110AB /* Info.plist */ = {isa = PBXFileReference; lastKnownFileType = text.plist.xml; path = Info.plist; sourceTree = "<group>"; };
		117942BC1C9BF0A1002779AB /* Tang_Cell.swift */ = {isa = PBXFileReference; fileEncoding = 4; lastKnownFileType = sourcecode.swift; path = Tang_Cell.swift; sourceTree = "<group>"; };
		117942BE1C9BF3CD002779AB /* Tang_ViewController.swift */ = {isa = PBXFileReference; fileEncoding = 4; lastKnownFileType = sourcecode.swift; path = Tang_ViewController.swift; sourceTree = "<group>"; };
		117942C01C9C35E3002779AB /* Song_ViewController.swift */ = {isa = PBXFileReference; fileEncoding = 4; lastKnownFileType = sourcecode.swift; path = Song_ViewController.swift; sourceTree = "<group>"; };
		117942C21C9C3645002779AB /* Song_Cell.swift */ = {isa = PBXFileReference; fileEncoding = 4; lastKnownFileType = sourcecode.swift; path = Song_Cell.swift; sourceTree = "<group>"; };
		117942C41C9C49BD002779AB /* PoemDetails_ViewController.swift */ = {isa = PBXFileReference; fileEncoding = 4; lastKnownFileType = sourcecode.swift; path = PoemDetails_ViewController.swift; sourceTree = "<group>"; };
		117942C61C9E9417002779AB /* PoemList_ViewController.swift */ = {isa = PBXFileReference; fileEncoding = 4; lastKnownFileType = sourcecode.swift; path = PoemList_ViewController.swift; sourceTree = "<group>"; };
		117942C81C9E94A9002779AB /* PoemList_Cell.swift */ = {isa = PBXFileReference; fileEncoding = 4; lastKnownFileType = sourcecode.swift; path = PoemList_Cell.swift; sourceTree = "<group>"; };
/* End PBXFileReference section */

/* Begin PBXFrameworksBuildPhase section */
		116A35051C99737A00C110AB /* Frameworks */ = {
			isa = PBXFrameworksBuildPhase;
			buildActionMask = 2147483647;
			files = (
			);
			runOnlyForDeploymentPostprocessing = 0;
		};
/* End PBXFrameworksBuildPhase section */

/* Begin PBXGroup section */
		116A34FF1C99737A00C110AB = {
			isa = PBXGroup;
			children = (
				116A350A1C99737A00C110AB /* AlphaCamp_homework_TangPoetry */,
				116A35091C99737A00C110AB /* Products */,
			);
			sourceTree = "<group>";
		};
		116A35091C99737A00C110AB /* Products */ = {
			isa = PBXGroup;
			children = (
				116A35081C99737A00C110AB /* AlphaCamp_homework_TangPoetry.app */,
			);
			name = Products;
			sourceTree = "<group>";
		};
		116A350A1C99737A00C110AB /* AlphaCamp_homework_TangPoetry */ = {
			isa = PBXGroup;
			children = (
				116A350B1C99737A00C110AB /* AppDelegate.swift */,
				116A35111C99737A00C110AB /* Main.storyboard */,
				117942BE1C9BF3CD002779AB /* Tang_ViewController.swift */,
				117942BC1C9BF0A1002779AB /* Tang_Cell.swift */,
				117942C01C9C35E3002779AB /* Song_ViewController.swift */,
				117942C21C9C3645002779AB /* Song_Cell.swift */,
				117942C61C9E9417002779AB /* PoemList_ViewController.swift */,
				117942C81C9E94A9002779AB /* PoemList_Cell.swift */,
				117942C41C9C49BD002779AB /* PoemDetails_ViewController.swift */,
				116A35141C99737A00C110AB /* Assets.xcassets */,
				116A35161C99737A00C110AB /* LaunchScreen.storyboard */,
				116A35191C99737A00C110AB /* Info.plist */,
			);
			path = AlphaCamp_homework_TangPoetry;
			sourceTree = "<group>";
		};
/* End PBXGroup section */

/* Begin PBXNativeTarget section */
		116A35071C99737A00C110AB /* AlphaCamp_homework_TangPoetry */ = {
			isa = PBXNativeTarget;
			buildConfigurationList = 116A351C1C99737A00C110AB /* Build configuration list for PBXNativeTarget "AlphaCamp_homework_TangPoetry" */;
			buildPhases = (
				116A35041C99737A00C110AB /* Sources */,
				116A35051C99737A00C110AB /* Frameworks */,
				116A35061C99737A00C110AB /* Resources */,
			);
			buildRules = (
			);
			dependencies = (
			);
			name = AlphaCamp_homework_TangPoetry;
			productName = AlphaCamp_homework_TangPoetry;
			productReference = 116A35081C99737A00C110AB /* AlphaCamp_homework_TangPoetry.app */;
			productType = "com.apple.product-type.application";
		};
/* End PBXNativeTarget section */

/* Begin PBXProject section */
		116A35001C99737A00C110AB /* Project object */ = {
			isa = PBXProject;
			attributes = {
				LastSwiftUpdateCheck = 0720;
				LastUpgradeCheck = 0720;
				ORGANIZATIONNAME = "Ka Ho";
				TargetAttributes = {
					116A35071C99737A00C110AB = {
						CreatedOnToolsVersion = 7.2.1;
					};
				};
			};
			buildConfigurationList = 116A35031C99737A00C110AB /* Build configuration list for PBXProject "AlphaCamp_homework_TangPoetry" */;
			compatibilityVersion = "Xcode 3.2";
			developmentRegion = English;
			hasScannedForEncodings = 0;
			knownRegions = (
				en,
				Base,
			);
			mainGroup = 116A34FF1C99737A00C110AB;
			productRefGroup = 116A35091C99737A00C110AB /* Products */;
			projectDirPath = "";
			projectRoot = "";
			targets = (
				116A35071C99737A00C110AB /* AlphaCamp_homework_TangPoetry */,
			);
		};
/* End PBXProject section */

/* Begin PBXResourcesBuildPhase section */
		116A35061C99737A00C110AB /* Resources */ = {
			isa = PBXResourcesBuildPhase;
			buildActionMask = 2147483647;
			files = (
				116A35181C99737A00C110AB /* LaunchScreen.storyboard in Resources */,
				116A35151C99737A00C110AB /* Assets.xcassets in Resources */,
				116A35131C99737A00C110AB /* Main.storyboard in Resources */,
			);
			runOnlyForDeploymentPostprocessing = 0;
		};
/* End PBXResourcesBuildPhase section */

/* Begin PBXSourcesBuildPhase section */
		116A35041C99737A00C110AB /* Sources */ = {
			isa = PBXSourcesBuildPhase;
			buildActionMask = 2147483647;
			files = (
				117942C71C9E9417002779AB /* PoemList_ViewController.swift in Sources */,
				117942C51C9C49BD002779AB /* PoemDetails_ViewController.swift in Sources */,
				117942BF1C9BF3CD002779AB /* Tang_ViewController.swift in Sources */,
				117942C11C9C35E3002779AB /* Song_ViewController.swift in Sources */,
				116A350C1C99737A00C110AB /* AppDelegate.swift in Sources */,
				117942C91C9E94A9002779AB /* PoemList_Cell.swift in Sources */,
				117942C31C9C3645002779AB /* Song_Cell.swift in Sources */,
				117942BD1C9BF0A1002779AB /* Tang_Cell.swift in Sources */,
			);
			runOnlyForDeploymentPostprocessing = 0;
		};
/* End PBXSourcesBuildPhase section */

/* Begin PBXVariantGroup section */
		116A35111C99737A00C110AB /* Main.storyboard */ = {
			isa = PBXVariantGroup;
			children = (
				116A35121C99737A00C110AB /* Base */,
			);
			name = Main.storyboard;
			sourceTree = "<group>";
		};
		116A35161C99737A00C110AB /* LaunchScreen.storyboard */ = {
			isa = PBXVariantGroup;
			children = (
				116A35171C99737A00C110AB /* Base */,
			);
			name = LaunchScreen.storyboard;
			sourceTree = "<group>";
		};
/* End PBXVariantGroup section */

/* Begin XCBuildConfiguration section */
		116A351A1C99737A00C110AB /* Debug */ = {
			isa = XCBuildConfiguration;
			buildSettings = {
				ALWAYS_SEARCH_USER_PATHS = NO;
				CLANG_CXX_LANGUAGE_STANDARD = "gnu++0x";
				CLANG_CXX_LIBRARY = "libc++";
				CLANG_ENABLE_MODULES = YES;
				CLANG_ENABLE_OBJC_ARC = YES;
				CLANG_WARN_BOOL_CONVERSION = YES;
				CLANG_WARN_CONSTANT_CONVERSION = YES;
				CLANG_WARN_DIRECT_OBJC_ISA_USAGE = YES_ERROR;
				CLANG_WARN_EMPTY_BODY = YES;
				CLANG_WARN_ENUM_CONVERSION = YES;
				CLANG_WARN_INT_CONVERSION = YES;
				CLANG_WARN_OBJC_ROOT_CLASS = YES_ERROR;
				CLANG_WARN_UNREACHABLE_CODE = YES;
				CLANG_WARN__DUPLICATE_METHOD_MATCH = YES;
				"CODE_SIGN_IDENTITY[sdk=iphoneos*]" = "iPhone Developer";
				COPY_PHASE_STRIP = NO;
				DEBUG_INFORMATION_FORMAT = dwarf;
				ENABLE_STRICT_OBJC_MSGSEND = YES;
				ENABLE_TESTABILITY = YES;
				GCC_C_LANGUAGE_STANDARD = gnu99;
				GCC_DYNAMIC_NO_PIC = NO;
				GCC_NO_COMMON_BLOCKS = YES;
				GCC_OPTIMIZATION_LEVEL = 0;
				GCC_PREPROCESSOR_DEFINITIONS = (
					"DEBUG=1",
					"$(inherited)",
				);
				GCC_WARN_64_TO_32_BIT_CONVERSION = YES;
				GCC_WARN_ABOUT_RETURN_TYPE = YES_ERROR;
				GCC_WARN_UNDECLARED_SELECTOR = YES;
				GCC_WARN_UNINITIALIZED_AUTOS = YES_AGGRESSIVE;
				GCC_WARN_UNUSED_FUNCTION = YES;
				GCC_WARN_UNUSED_VARIABLE = YES;
				IPHONEOS_DEPLOYMENT_TARGET = 9.2;
				MTL_ENABLE_DEBUG_INFO = YES;
				ONLY_ACTIVE_ARCH = YES;
				SDKROOT = iphoneos;
				SWIFT_OPTIMIZATION_LEVEL = "-Onone";
				TARGETED_DEVICE_FAMILY = "1,2";
			};
			name = Debug;
		};
		116A351B1C99737A00C110AB /* Release */ = {
			isa = XCBuildConfiguration;
			buildSettings = {
				ALWAYS_SEARCH_USER_PATHS = NO;
				CLANG_CXX_LANGUAGE_STANDARD = "gnu++0x";
				CLANG_CXX_LIBRARY = "libc++";
				CLANG_ENABLE_MODULES = YES;
				CLANG_ENABLE_OBJC_ARC = YES;
				CLANG_WARN_BOOL_CONVERSION = YES;
				CLANG_WARN_CONSTANT_CONVERSION = YES;
				CLANG_WARN_DIRECT_OBJC_ISA_USAGE = YES_ERROR;
				CLANG_WARN_EMPTY_BODY = YES;
				CLANG_WARN_ENUM_CONVERSION = YES;
				CLANG_WARN_INT_CONVERSION = YES;
				CLANG_WARN_OBJC_ROOT_CLASS = YES_ERROR;
				CLANG_WARN_UNREACHABLE_CODE = YES;
				CLANG_WARN__DUPLICATE_METHOD_MATCH = YES;
				"CODE_SIGN_IDENTITY[sdk=iphoneos*]" = "iPhone Developer";
				COPY_PHASE_STRIP = NO;
				DEBUG_INFORMATION_FORMAT = "dwarf-with-dsym";
				ENABLE_NS_ASSERTIONS = NO;
				ENABLE_STRICT_OBJC_MSGSEND = YES;
				GCC_C_LANGUAGE_STANDARD = gnu99;
				GCC_NO_COMMON_BLOCKS = YES;
				GCC_WARN_64_TO_32_BIT_CONVERSION = YES;
				GCC_WARN_ABOUT_RETURN_TYPE = YES_ERROR;
				GCC_WARN_UNDECLARED_SELECTOR = YES;
				GCC_WARN_UNINITIALIZED_AUTOS = YES_AGGRESSIVE;
				GCC_WARN_UNUSED_FUNCTION = YES;
				GCC_WARN_UNUSED_VARIABLE = YES;
				IPHONEOS_DEPLOYMENT_TARGET = 9.2;
				MTL_ENABLE_DEBUG_INFO = NO;
				SDKROOT = iphoneos;
				TARGETED_DEVICE_FAMILY = "1,2";
				VALIDATE_PRODUCT = YES;
			};
			name = Release;
		};
		116A351D1C99737A00C110AB /* Debug */ = {
			isa = XCBuildConfiguration;
			buildSettings = {
				ASSETCATALOG_COMPILER_APPICON_NAME = AppIcon;
				INFOPLIST_FILE = AlphaCamp_homework_TangPoetry/Info.plist;
				LD_RUNPATH_SEARCH_PATHS = "$(inherited) @executable_path/Frameworks";
				PRODUCT_BUNDLE_IDENTIFIER = "net.kahopoon.AlphaCamp-homework-TangPoetry";
				PRODUCT_NAME = "$(TARGET_NAME)";
			};
			name = Debug;
		};
		116A351E1C99737A00C110AB /* Release */ = {
			isa = XCBuildConfiguration;
			buildSettings = {
				ASSETCATALOG_COMPILER_APPICON_NAME = AppIcon;
				INFOPLIST_FILE = AlphaCamp_homework_TangPoetry/Info.plist;
				LD_RUNPATH_SEARCH_PATHS = "$(inherited) @executable_path/Frameworks";
				PRODUCT_BUNDLE_IDENTIFIER = "net.kahopoon.AlphaCamp-homework-TangPoetry";
				PRODUCT_NAME = "$(TARGET_NAME)";
			};
			name = Release;
		};
/* End XCBuildConfiguration section */

/* Begin XCConfigurationList section */
		116A35031C99737A00C110AB /* Build configuration list for PBXProject "AlphaCamp_homework_TangPoetry" */ = {
			isa = XCConfigurationList;
			buildConfigurations = (
				116A351A1C99737A00C110AB /* Debug */,
				116A351B1C99737A00C110AB /* Release */,
			);
			defaultConfigurationIsVisible = 0;
			defaultConfigurationName = Release;
		};
		116A351C1C99737A00C110AB /* Build configuration list for PBXNativeTarget "AlphaCamp_homework_TangPoetry" */ = {
			isa = XCConfigurationList;
			buildConfigurations = (
				116A351D1C99737A00C110AB /* Debug */,
				116A351E1C99737A00C110AB /* Release */,
			);
			defaultConfigurationIsVisible = 0;
			defaultConfigurationName = Release;
		};
/* End XCConfigurationList section */
	};
	rootObject = 116A35001C99737A00C110AB /* Project object */;
}
